{
  "version": 4,
  "terraform_version": "0.14.7",
  "serial": 34,
  "lineage": "1c51ab33-5d7f-05b3-ee90-7da7303cf38b",
  "outputs": {
    "vm-floating-ip": {
      "value": "185.22.98.128",
      "type": "string"
    },
    "vm-id": {
      "value": "e0f3f1eb-9ddb-4dbe-b8bb-a6bb567c0bd1",
      "type": "string"
    },
    "vm-ip": {
      "value": "172.1.1.13",
      "type": "string"
    },
    "vm-name": {
      "value": "vm1",
      "type": "string"
    }
  },
  "resources": [
    {
      "mode": "managed",
      "type": "openstack_compute_floatingip_associate_v2",
      "name": "fip_1",
      "provider": "provider[\"registry.terraform.io/terraform-provider-openstack/openstack\"]",
      "instances": [
        {
          "schema_version": 0,
          "attributes": {
            "fixed_ip": "",
            "floating_ip": "185.22.98.128",
            "id": "185.22.98.128/e0f3f1eb-9ddb-4dbe-b8bb-a6bb567c0bd1/",
            "instance_id": "e0f3f1eb-9ddb-4dbe-b8bb-a6bb567c0bd1",
            "region": "RegionOne",
            "timeouts": null,
            "wait_until_associated": null
          },
          "sensitive_attributes": [],
          "private": "eyJlMmJmYjczMC1lY2FhLTExZTYtOGY4OC0zNDM2M2JjN2M0YzAiOnsiY3JlYXRlIjo2MDAwMDAwMDAwMDB9fQ==",
          "dependencies": [
            "openstack_compute_instance_v2.vm1",
            "openstack_compute_keypair_v2.mykey1",
            "openstack_networking_floatingip_v2.fip_1",
            "openstack_networking_network_v2.client_net",
            "openstack_networking_secgroup_v2.my_secgroup"
          ]
        }
      ]
    },
    {
      "mode": "managed",
      "type": "openstack_compute_instance_v2",
      "name": "vm1",
      "provider": "provider[\"registry.terraform.io/terraform-provider-openstack/openstack\"]",
      "instances": [
        {
          "schema_version": 0,
          "attributes": {
            "access_ip_v4": "172.1.1.13",
            "access_ip_v6": "",
            "admin_pass": null,
            "all_metadata": {},
            "all_tags": [],
            "availability_zone": "pod4",
            "availability_zone_hints": null,
            "block_device": [],
            "config_drive": null,
            "flavor_id": "5ee574e5-d6b2-4feb-b25b-4d3aa0b89b10",
            "flavor_name": "m1.medium",
            "floating_ip": null,
            "force_delete": false,
            "id": "e0f3f1eb-9ddb-4dbe-b8bb-a6bb567c0bd1",
            "image_id": "f46b03ea-cfa0-44bd-ae1f-b1354e2478e5",
            "image_name": "focal-server-cloudimg-amd64",
            "key_pair": "mykey2",
            "metadata": null,
            "name": "vm1",
            "network": [
              {
                "access_network": false,
                "fixed_ip_v4": "172.1.1.13",
                "fixed_ip_v6": "",
                "floating_ip": "",
                "mac": "fa:16:3e:29:e9:c7",
                "name": "client_net",
                "port": "",
                "uuid": "1c4e08fc-029a-4f58-afa1-4ada263955fb"
              }
            ],
            "network_mode": null,
            "personality": [],
            "power_state": "active",
            "region": "RegionOne",
            "scheduler_hints": [],
            "security_groups": [
              "57063fe5-4d25-4222-8672-414918f66bb6"
            ],
            "stop_before_destroy": false,
            "tags": [],
            "timeouts": null,
            "user_data": null,
            "vendor_options": [],
            "volume": []
          },
          "sensitive_attributes": [],
          "private": "eyJlMmJmYjczMC1lY2FhLTExZTYtOGY4OC0zNDM2M2JjN2M0YzAiOnsiY3JlYXRlIjoxODAwMDAwMDAwMDAwLCJkZWxldGUiOjE4MDAwMDAwMDAwMDAsInVwZGF0ZSI6MTgwMDAwMDAwMDAwMH19",
          "dependencies": [
            "openstack_compute_keypair_v2.mykey1",
            "openstack_networking_network_v2.client_net",
            "openstack_networking_secgroup_v2.my_secgroup"
          ]
        }
      ]
    },
    {
      "mode": "managed",
      "type": "openstack_compute_keypair_v2",
      "name": "mykey1",
      "provider": "provider[\"registry.terraform.io/terraform-provider-openstack/openstack\"]",
      "instances": [
        {
          "schema_version": 0,
          "attributes": {
            "fingerprint": "94:4d:72:86:44:81:c7:3c:5e:5e:29:47:a3:51:0f:7a",
            "id": "mykey2",
            "name": "mykey2",
            "private_key": "",
            "public_key": "ssh-rsa AAAAB3NzaC1yc2EAAAADAQABAAABAQDnOBz/T/UOvsJhW6pHC5MWdIRS3APU6lgQ6uFD3dMrbZyI9gWq3WxkNaqWfr+AxyNR27i2TRKB+o10PtLcXHQUxaVVVvRiFlo09rzeAXaXNjXbbZYUiHz7Jj2aicCHAfxFLFtvFovxQ8ZQm18WH21bFUEy6Vqq8XV7usltQhoXaquhrdRXAiU63XacSXdsldVb/0qplHHE89TZeMN6V78OCQD0uJL8dml6wP4uaPaBud2Rk7KU+CnO6daJIKXjO205B02lGcVyM1odmbpNZYqhGYjEGyn8EMUtJ4nChLyBLCIu3h+x+MEA5lZR/fdbeZ8nCbOMZ2SynqJVdkToAwdJ iamgirindra@gmail.com\n",
            "region": "RegionOne",
            "value_specs": null
          },
          "sensitive_attributes": [],
          "private": "bnVsbA=="
        }
      ]
    },
    {
      "mode": "managed",
      "type": "openstack_networking_floatingip_v2",
      "name": "fip_1",
      "provider": "provider[\"registry.terraform.io/terraform-provider-openstack/openstack\"]",
      "instances": [
        {
          "schema_version": 0,
          "attributes": {
            "address": "185.22.98.128",
            "all_tags": [],
            "description": "",
            "dns_domain": "",
            "dns_name": "",
            "fixed_ip": "172.1.1.13",
            "id": "703ba16e-6f64-4655-92fb-886679b5eb26",
            "pool": "public",
            "port_id": "e8df0829-6344-4a9a-ac34-d3cae441b53d",
            "region": "RegionOne",
            "subnet_id": null,
            "tags": [],
            "tenant_id": "27b0023b14e842a49da9970228a3dfd8",
            "timeouts": null,
            "value_specs": null
          },
          "sensitive_attributes": [],
          "private": "eyJlMmJmYjczMC1lY2FhLTExZTYtOGY4OC0zNDM2M2JjN2M0YzAiOnsiY3JlYXRlIjo2MDAwMDAwMDAwMDAsImRlbGV0ZSI6NjAwMDAwMDAwMDAwfX0="
        }
      ]
    },
    {
      "mode": "managed",
      "type": "openstack_networking_network_v2",
      "name": "client_net",
      "provider": "provider[\"registry.terraform.io/terraform-provider-openstack/openstack\"]",
      "instances": [
        {
          "schema_version": 0,
          "attributes": {
            "admin_state_up": true,
            "all_tags": [],
            "availability_zone_hints": [],
            "description": "",
            "dns_domain": "",
            "external": false,
            "id": "1c4e08fc-029a-4f58-afa1-4ada263955fb",
            "mtu": 8950,
            "name": "client_net",
            "port_security_enabled": true,
            "qos_policy_id": "",
            "region": "RegionOne",
            "segments": [],
            "shared": false,
            "tags": [],
            "tenant_id": "27b0023b14e842a49da9970228a3dfd8",
            "timeouts": null,
            "transparent_vlan": false,
            "value_specs": null
          },
          "sensitive_attributes": [],
          "private": "eyJlMmJmYjczMC1lY2FhLTExZTYtOGY4OC0zNDM2M2JjN2M0YzAiOnsiY3JlYXRlIjo2MDAwMDAwMDAwMDAsImRlbGV0ZSI6NjAwMDAwMDAwMDAwfX0="
        }
      ]
    },
    {
      "mode": "managed",
      "type": "openstack_networking_router_interface_v2",
      "name": "client_net_itf",
      "provider": "provider[\"registry.terraform.io/terraform-provider-openstack/openstack\"]",
      "instances": [
        {
          "schema_version": 0,
          "attributes": {
            "id": "e820f075-5e13-401e-8e40-59f4ddb1614a",
            "port_id": "e820f075-5e13-401e-8e40-59f4ddb1614a",
            "region": "RegionOne",
            "router_id": "1ecc7909-4601-4170-bb48-df8ef39ea378",
            "subnet_id": "fe23f8f7-1776-4334-874e-7786d708dccb",
            "timeouts": null
          },
          "sensitive_attributes": [],
          "private": "eyJlMmJmYjczMC1lY2FhLTExZTYtOGY4OC0zNDM2M2JjN2M0YzAiOnsiY3JlYXRlIjo2MDAwMDAwMDAwMDAsImRlbGV0ZSI6NjAwMDAwMDAwMDAwfX0=",
          "dependencies": [
            "openstack_networking_network_v2.client_net",
            "openstack_networking_router_v2.myrouter",
            "openstack_networking_subnet_v2.client_subnet"
          ]
        }
      ]
    },
    {
      "mode": "managed",
      "type": "openstack_networking_router_v2",
      "name": "myrouter",
      "provider": "provider[\"registry.terraform.io/terraform-provider-openstack/openstack\"]",
      "instances": [
        {
          "schema_version": 0,
          "attributes": {
            "admin_state_up": true,
            "all_tags": [],
            "availability_zone_hints": [],
            "description": "",
            "distributed": false,
            "enable_snat": true,
            "external_fixed_ip": [
              {
                "ip_address": "185.22.98.184",
                "subnet_id": "27313001-bd14-42d4-80de-3ee1ecb1143c"
              }
            ],
            "external_gateway": "191518d2-d033-440c-9015-46f0c5830f19",
            "external_network_id": "191518d2-d033-440c-9015-46f0c5830f19",
            "id": "1ecc7909-4601-4170-bb48-df8ef39ea378",
            "name": "myrouter",
            "region": "RegionOne",
            "tags": [],
            "tenant_id": "27b0023b14e842a49da9970228a3dfd8",
            "timeouts": null,
            "value_specs": null,
            "vendor_options": []
          },
          "sensitive_attributes": [],
          "private": "eyJlMmJmYjczMC1lY2FhLTExZTYtOGY4OC0zNDM2M2JjN2M0YzAiOnsiY3JlYXRlIjo2MDAwMDAwMDAwMDAsImRlbGV0ZSI6NjAwMDAwMDAwMDAwfX0="
        }
      ]
    },
    {
      "mode": "managed",
      "type": "openstack_networking_secgroup_rule_v2",
      "name": "rule1",
      "provider": "provider[\"registry.terraform.io/terraform-provider-openstack/openstack\"]",
      "instances": [
        {
          "schema_version": 0,
          "attributes": {
            "description": "",
            "direction": "ingress",
            "ethertype": "IPv4",
            "id": "85f03999-69b6-4b86-b67f-c09b28d5d670",
            "port_range_max": 0,
            "port_range_min": 0,
            "protocol": "",
            "region": "RegionOne",
            "remote_group_id": "",
            "remote_ip_prefix": "",
            "security_group_id": "57063fe5-4d25-4222-8672-414918f66bb6",
            "tenant_id": "27b0023b14e842a49da9970228a3dfd8",
            "timeouts": null
          },
          "sensitive_attributes": [],
          "private": "eyJlMmJmYjczMC1lY2FhLTExZTYtOGY4OC0zNDM2M2JjN2M0YzAiOnsiZGVsZXRlIjo2MDAwMDAwMDAwMDB9fQ==",
          "dependencies": [
            "openstack_networking_secgroup_v2.my_secgroup"
          ]
        }
      ]
    },
    {
      "mode": "managed",
      "type": "openstack_networking_secgroup_v2",
      "name": "my_secgroup",
      "provider": "provider[\"registry.terraform.io/terraform-provider-openstack/openstack\"]",
      "instances": [
        {
          "schema_version": 0,
          "attributes": {
            "all_tags": [],
            "delete_default_rules": null,
            "description": "Allow all",
            "id": "57063fe5-4d25-4222-8672-414918f66bb6",
            "name": "my_secgroup",
            "region": "RegionOne",
            "tags": [],
            "tenant_id": "27b0023b14e842a49da9970228a3dfd8",
            "timeouts": null
          },
          "sensitive_attributes": [],
          "private": "eyJlMmJmYjczMC1lY2FhLTExZTYtOGY4OC0zNDM2M2JjN2M0YzAiOnsiZGVsZXRlIjo2MDAwMDAwMDAwMDB9fQ=="
        }
      ]
    },
    {
      "mode": "managed",
      "type": "openstack_networking_subnet_v2",
      "name": "client_subnet",
      "provider": "provider[\"registry.terraform.io/terraform-provider-openstack/openstack\"]",
      "instances": [
        {
          "schema_version": 0,
          "attributes": {
            "all_tags": [],
            "allocation_pool": [
              {
                "end": "172.1.1.254",
                "start": "172.1.1.2"
              }
            ],
            "allocation_pools": [
              {
                "end": "172.1.1.254",
                "start": "172.1.1.2"
              }
            ],
            "cidr": "172.1.1.0/24",
            "description": "",
            "dns_nameservers": [],
            "enable_dhcp": true,
            "gateway_ip": "172.1.1.1",
            "host_routes": [],
            "id": "fe23f8f7-1776-4334-874e-7786d708dccb",
            "ip_version": 4,
            "ipv6_address_mode": "",
            "ipv6_ra_mode": "",
            "name": "client_subnet",
            "network_id": "1c4e08fc-029a-4f58-afa1-4ada263955fb",
            "no_gateway": false,
            "prefix_length": null,
            "region": "RegionOne",
            "subnetpool_id": "",
            "tags": [],
            "tenant_id": "27b0023b14e842a49da9970228a3dfd8",
            "timeouts": null,
            "value_specs": null
          },
          "sensitive_attributes": [],
          "private": "eyJlMmJmYjczMC1lY2FhLTExZTYtOGY4OC0zNDM2M2JjN2M0YzAiOnsiY3JlYXRlIjo2MDAwMDAwMDAwMDAsImRlbGV0ZSI6NjAwMDAwMDAwMDAwfX0=",
          "dependencies": [
            "openstack_networking_network_v2.client_net"
          ]
        }
      ]
    }
  ]
}
